
Microsoft Visual Studio Solution File, Format Version 12.00
# Visual Studio Version 17
VisualStudioVersion = 17.5.002.0
MinimumVisualStudioVersion = 10.0.40219.1
Project("{9A19103F-16F7-4668-BE54-9A1E7A4F7556}") = "PrereleaseJan24Exam", "PrereleaseJan24Exam.csproj", "{714F5300-FEAE-4DA3-A2FF-30D906A6B04F}"
EndProject
Global
	GlobalSection(SolutionConfigurationPlatforms) = preSolution
		Debug|Any CPU = Debug|Any CPU
		Release|Any CPU = Release|Any CPU
	EndGlobalSection
	GlobalSection(ProjectConfigurationPlatforms) = postSolution
		{714F5300-FEAE-4DA3-A2FF-30D906A6B04F}.Debug|Any CPU.ActiveCfg = Debug|Any CPU
		{714F5300-FEAE-4DA3-A2FF-30D906A6B04F}.Debug|Any CPU.Build.0 = Debug|Any CPU
		{714F5300-FEAE-4DA3-A2FF-30D906A6B04F}.Release|Any CPU.ActiveCfg = Release|Any CPU
		{714F5300-FEAE-4DA3-A2FF-30D906A6B04F}.Release|Any CPU.Build.0 = Release|Any CPU
	EndGlobalSection
	GlobalSection(SolutionProperties) = preSolution
		HideSolutionNode = FALSE
	EndGlobalSection
	GlobalSection(ExtensibilityGlobals) = postSolution
		SolutionGuid = {5C176E80-1B46-4780-A90F-D40C1ED5EBA2}
	EndGlobalSection
EndGlobal
